// !$*UTF8*$!
{
	archiveVersion = 1;
	classes = {
	};
	objectVersion = 56;
	objects = {

/* Begin PBXBuildFile section */
		A58844F02B5FBEFE00633083 /* AppDelegate.swift in Sources */ = {isa = PBXBuildFile; fileRef = A58844EF2B5FBEFE00633083 /* AppDelegate.swift */; };
		A58844F22B5FBEFE00633083 /* SceneDelegate.swift in Sources */ = {isa = PBXBuildFile; fileRef = A58844F12B5FBEFE00633083 /* SceneDelegate.swift */; };
		A58844F42B5FBEFE00633083 /* ViewController.swift in Sources */ = {isa = PBXBuildFile; fileRef = A58844F32B5FBEFE00633083 /* ViewController.swift */; };
		A58844F72B5FBEFE00633083 /* Main.storyboard in Resources */ = {isa = PBXBuildFile; fileRef = A58844F52B5FBEFE00633083 /* Main.storyboard */; };
		A58844F92B5FBF0000633083 /* Assets.xcassets in Resources */ = {isa = PBXBuildFile; fileRef = A58844F82B5FBF0000633083 /* Assets.xcassets */; };
		A58844FC2B5FBF0000633083 /* LaunchScreen.storyboard in Resources */ = {isa = PBXBuildFile; fileRef = A58844FA2B5FBF0000633083 /* LaunchScreen.storyboard */; };
		A58845072B5FBF0100633083 /* FaceDetectionTests.swift in Sources */ = {isa = PBXBuildFile; fileRef = A58845062B5FBF0100633083 /* FaceDetectionTests.swift */; };
		A58845112B5FBF0100633083 /* FaceDetectionUITests.swift in Sources */ = {isa = PBXBuildFile; fileRef = A58845102B5FBF0100633083 /* FaceDetectionUITests.swift */; };
		A58845132B5FBF0100633083 /* FaceDetectionUITestsLaunchTests.swift in Sources */ = {isa = PBXBuildFile; fileRef = A58845122B5FBF0100633083 /* FaceDetectionUITestsLaunchTests.swift */; };
		A58845262B5FC20800633083 /* ValifyFaceDetection.framework in Frameworks */ = {isa = PBXBuildFile; fileRef = A58845242B5FC20100633083 /* ValifyFaceDetection.framework */; };
		A58845272B5FC20800633083 /* ValifyFaceDetection.framework in Embed Frameworks */ = {isa = PBXBuildFile; fileRef = A58845242B5FC20100633083 /* ValifyFaceDetection.framework */; settings = {ATTRIBUTES = (CodeSignOnCopy, RemoveHeadersOnCopy, ); }; };
/* End PBXBuildFile section */

/* Begin PBXContainerItemProxy section */
		A58845032B5FBF0100633083 /* PBXContainerItemProxy */ = {
			isa = PBXContainerItemProxy;
			containerPortal = A58844E42B5FBEFE00633083 /* Project object */;
			proxyType = 1;
			remoteGlobalIDString = A58844EB2B5FBEFE00633083;
			remoteInfo = FaceDetection;
		};
		A588450D2B5FBF0100633083 /* PBXContainerItemProxy */ = {
			isa = PBXContainerItemProxy;
			containerPortal = A58844E42B5FBEFE00633083 /* Project object */;
			proxyType = 1;
			remoteGlobalIDString = A58844EB2B5FBEFE00633083;
			remoteInfo = FaceDetection;
		};
/* End PBXContainerItemProxy section */

/* Begin PBXCopyFilesBuildPhase section */
		A58845232B5FBF3600633083 /* Embed Frameworks */ = {
			isa = PBXCopyFilesBuildPhase;
			buildActionMask = 2147483647;
			dstPath = "";
			dstSubfolderSpec = 10;
			files = (
				A58845272B5FC20800633083 /* ValifyFaceDetection.framework in Embed Frameworks */,
			);
			name = "Embed Frameworks";
			runOnlyForDeploymentPostprocessing = 0;
		};
/* End PBXCopyFilesBuildPhase section */

/* Begin PBXFileReference section */
		A58844EC2B5FBEFE00633083 /* FaceDetection.app */ = {isa = PBXFileReference; explicitFileType = wrapper.application; includeInIndex = 0; path = FaceDetection.app; sourceTree = BUILT_PRODUCTS_DIR; };
		A58844EF2B5FBEFE00633083 /* AppDelegate.swift */ = {isa = PBXFileReference; lastKnownFileType = sourcecode.swift; path = AppDelegate.swift; sourceTree = "<group>"; };
		A58844F12B5FBEFE00633083 /* SceneDelegate.swift */ = {isa = PBXFileReference; lastKnownFileType = sourcecode.swift; path = SceneDelegate.swift; sourceTree = "<group>"; };
		A58844F32B5FBEFE00633083 /* ViewController.swift */ = {isa = PBXFileReference; lastKnownFileType = sourcecode.swift; path = ViewController.swift; sourceTree = "<group>"; };
		A58844F62B5FBEFE00633083 /* Base */ = {isa = PBXFileReference; lastKnownFileType = file.storyboard; name = Base; path = Base.lproj/Main.storyboard; sourceTree = "<group>"; };
		A58844F82B5FBF0000633083 /* Assets.xcassets */ = {isa = PBXFileReference; lastKnownFileType = folder.assetcatalog; path = Assets.xcassets; sourceTree = "<group>"; };
		A58844FB2B5FBF0000633083 /* Base */ = {isa = PBXFileReference; lastKnownFileType = file.storyboard; name = Base; path = Base.lproj/LaunchScreen.storyboard; sourceTree = "<group>"; };
		A58844FD2B5FBF0000633083 /* Info.plist */ = {isa = PBXFileReference; lastKnownFileType = text.plist.xml; path = Info.plist; sourceTree = "<group>"; };
		A58845022B5FBF0100633083 /* FaceDetectionTests.xctest */ = {isa = PBXFileReference; explicitFileType = wrapper.cfbundle; includeInIndex = 0; path = FaceDetectionTests.xctest; sourceTree = BUILT_PRODUCTS_DIR; };
		A58845062B5FBF0100633083 /* FaceDetectionTests.swift */ = {isa = PBXFileReference; lastKnownFileType = sourcecode.swift; path = FaceDetectionTests.swift; sourceTree = "<group>"; };
		A588450C2B5FBF0100633083 /* FaceDetectionUITests.xctest */ = {isa = PBXFileReference; explicitFileType = wrapper.cfbundle; includeInIndex = 0; path = FaceDetectionUITests.xctest; sourceTree = BUILT_PRODUCTS_DIR; };
		A58845102B5FBF0100633083 /* FaceDetectionUITests.swift */ = {isa = PBXFileReference; lastKnownFileType = sourcecode.swift; path = FaceDetectionUITests.swift; sourceTree = "<group>"; };
		A58845122B5FBF0100633083 /* FaceDetectionUITestsLaunchTests.swift */ = {isa = PBXFileReference; lastKnownFileType = sourcecode.swift; path = FaceDetectionUITestsLaunchTests.swift; sourceTree = "<group>"; };
		A58845242B5FC20100633083 /* ValifyFaceDetection.framework */ = {isa = PBXFileReference; lastKnownFileType = wrapper.framework; path = ValifyFaceDetection.framework; sourceTree = "<group>"; };
/* End PBXFileReference section */

/* Begin PBXFrameworksBuildPhase section */
		A58844E92B5FBEFE00633083 /* Frameworks */ = {
			isa = PBXFrameworksBuildPhase;
			buildActionMask = 2147483647;
			files = (
				A58845262B5FC20800633083 /* ValifyFaceDetection.framework in Frameworks */,
			);
			runOnlyForDeploymentPostprocessing = 0;
		};
		A58844FF2B5FBF0100633083 /* Frameworks */ = {
			isa = PBXFrameworksBuildPhase;
			buildActionMask = 2147483647;
			files = (
			);
			runOnlyForDeploymentPostprocessing = 0;
		};
		A58845092B5FBF0100633083 /* Frameworks */ = {
			isa = PBXFrameworksBuildPhase;
			buildActionMask = 2147483647;
			files = (
			);
			runOnlyForDeploymentPostprocessing = 0;
		};
/* End PBXFrameworksBuildPhase section */

/* Begin PBXGroup section */
		A58844E32B5FBEFE00633083 = {
			isa = PBXGroup;
			children = (
				A58844EE2B5FBEFE00633083 /* FaceDetection */,
				A58845052B5FBF0100633083 /* FaceDetectionTests */,
				A588450F2B5FBF0100633083 /* FaceDetectionUITests */,
				A58844ED2B5FBEFE00633083 /* Products */,
			);
			sourceTree = "<group>";
		};
		A58844ED2B5FBEFE00633083 /* Products */ = {
			isa = PBXGroup;
			children = (
				A58844EC2B5FBEFE00633083 /* FaceDetection.app */,
				A58845022B5FBF0100633083 /* FaceDetectionTests.xctest */,
				A588450C2B5FBF0100633083 /* FaceDetectionUITests.xctest */,
			);
			name = Products;
			sourceTree = "<group>";
		};
		A58844EE2B5FBEFE00633083 /* FaceDetection */ = {
			isa = PBXGroup;
			children = (
				A588452B2B5FC48700633083 /* Assets */,
				A588452A2B5FC46E00633083 /* Storyboard */,
				A58845292B5FC45800633083 /* Delegate */,
				A58845282B5FC44600633083 /* Contollers */,
				A58844F12B5FBEFE00633083 /* SceneDelegate.swift */,
				A58844FA2B5FBF0000633083 /* LaunchScreen.storyboard */,
				A58844FD2B5FBF0000633083 /* Info.plist */,
				A58845242B5FC20100633083 /* ValifyFaceDetection.framework */,
			);
			path = FaceDetection;
			sourceTree = "<group>";
		};
		A58845052B5FBF0100633083 /* FaceDetectionTests */ = {
			isa = PBXGroup;
			children = (
				A58845062B5FBF0100633083 /* FaceDetectionTests.swift */,
			);
			path = FaceDetectionTests;
			sourceTree = "<group>";
		};
		A588450F2B5FBF0100633083 /* FaceDetectionUITests */ = {
			isa = PBXGroup;
			children = (
				A58845102B5FBF0100633083 /* FaceDetectionUITests.swift */,
				A58845122B5FBF0100633083 /* FaceDetectionUITestsLaunchTests.swift */,
			);
			path = FaceDetectionUITests;
			sourceTree = "<group>";
		};
		A58845282B5FC44600633083 /* Contollers */ = {
			isa = PBXGroup;
			children = (
				A58844F32B5FBEFE00633083 /* ViewController.swift */,
			);
			path = Contollers;
			sourceTree = "<group>";
		};
		A58845292B5FC45800633083 /* Delegate */ = {
			isa = PBXGroup;
			children = (
				A58844EF2B5FBEFE00633083 /* AppDelegate.swift */,
			);
			path = Delegate;
			sourceTree = "<group>";
		};
		A588452A2B5FC46E00633083 /* Storyboard */ = {
			isa = PBXGroup;
			children = (
				A58844F52B5FBEFE00633083 /* Main.storyboard */,
			);
			path = Storyboard;
			sourceTree = "<group>";
		};
		A588452B2B5FC48700633083 /* Assets */ = {
			isa = PBXGroup;
			children = (
				A58844F82B5FBF0000633083 /* Assets.xcassets */,
			);
			path = Assets;
			sourceTree = "<group>";
		};
/* End PBXGroup section */

/* Begin PBXNativeTarget section */
		A58844EB2B5FBEFE00633083 /* FaceDetection */ = {
			isa = PBXNativeTarget;
			buildConfigurationList = A58845162B5FBF0100633083 /* Build configuration list for PBXNativeTarget "FaceDetection" */;
			buildPhases = (
				A58844E82B5FBEFE00633083 /* Sources */,
				A58844E92B5FBEFE00633083 /* Frameworks */,
				A58844EA2B5FBEFE00633083 /* Resources */,
				A58845232B5FBF3600633083 /* Embed Frameworks */,
			);
			buildRules = (
			);
			dependencies = (
			);
			name = FaceDetection;
			productName = FaceDetection;
			productReference = A58844EC2B5FBEFE00633083 /* FaceDetection.app */;
			productType = "com.apple.product-type.application";
		};
		A58845012B5FBF0100633083 /* FaceDetectionTests */ = {
			isa = PBXNativeTarget;
			buildConfigurationList = A58845192B5FBF0100633083 /* Build configuration list for PBXNativeTarget "FaceDetectionTests" */;
			buildPhases = (
				A58844FE2B5FBF0100633083 /* Sources */,
				A58844FF2B5FBF0100633083 /* Frameworks */,
				A58845002B5FBF0100633083 /* Resources */,
			);
			buildRules = (
			);
			dependencies = (
				A58845042B5FBF0100633083 /* PBXTargetDependency */,
			);
			name = FaceDetectionTests;
			productName = FaceDetectionTests;
			productReference = A58845022B5FBF0100633083 /* FaceDetectionTests.xctest */;
			productType = "com.apple.product-type.bundle.unit-test";
		};
		A588450B2B5FBF0100633083 /* FaceDetectionUITests */ = {
			isa = PBXNativeTarget;
			buildConfigurationList = A588451C2B5FBF0100633083 /* Build configuration list for PBXNativeTarget "FaceDetectionUITests" */;
			buildPhases = (
				A58845082B5FBF0100633083 /* Sources */,
				A58845092B5FBF0100633083 /* Frameworks */,
				A588450A2B5FBF0100633083 /* Resources */,
			);
			buildRules = (
			);
			dependencies = (
				A588450E2B5FBF0100633083 /* PBXTargetDependency */,
			);
			name = FaceDetectionUITests;
			productName = FaceDetectionUITests;
			productReference = A588450C2B5FBF0100633083 /* FaceDetectionUITests.xctest */;
			productType = "com.apple.product-type.bundle.ui-testing";
		};
/* End PBXNativeTarget section */

/* Begin PBXProject section */
		A58844E42B5FBEFE00633083 /* Project object */ = {
			isa = PBXProject;
			attributes = {
				BuildIndependentTargetsInParallel = 1;
				LastSwiftUpdateCheck = 1500;
				LastUpgradeCheck = 1500;
				TargetAttributes = {
					A58844EB2B5FBEFE00633083 = {
						CreatedOnToolsVersion = 15.0.1;
					};
					A58845012B5FBF0100633083 = {
						CreatedOnToolsVersion = 15.0.1;
						TestTargetID = A58844EB2B5FBEFE00633083;
					};
					A588450B2B5FBF0100633083 = {
						CreatedOnToolsVersion = 15.0.1;
						TestTargetID = A58844EB2B5FBEFE00633083;
					};
				};
			};
			buildConfigurationList = A58844E72B5FBEFE00633083 /* Build configuration list for PBXProject "FaceDetection" */;
			compatibilityVersion = "Xcode 14.0";
			developmentRegion = en;
			hasScannedForEncodings = 0;
			knownRegions = (
				en,
				Base,
			);
			mainGroup = A58844E32B5FBEFE00633083;
			productRefGroup = A58844ED2B5FBEFE00633083 /* Products */;
			projectDirPath = "";
			projectRoot = "";
			targets = (
				A58844EB2B5FBEFE00633083 /* FaceDetection */,
				A58845012B5FBF0100633083 /* FaceDetectionTests */,
				A588450B2B5FBF0100633083 /* FaceDetectionUITests */,
			);
		};
/* End PBXProject section */

/* Begin PBXResourcesBuildPhase section */
		A58844EA2B5FBEFE00633083 /* Resources */ = {
			isa = PBXResourcesBuildPhase;
			buildActionMask = 2147483647;
			files = (
				A58844FC2B5FBF0000633083 /* LaunchScreen.storyboard in Resources */,
				A58844F92B5FBF0000633083 /* Assets.xcassets in Resources */,
				A58844F72B5FBEFE00633083 /* Main.storyboard in Resources */,
			);
			runOnlyForDeploymentPostprocessing = 0;
		};
		A58845002B5FBF0100633083 /* Resources */ = {
			isa = PBXResourcesBuildPhase;
			buildActionMask = 2147483647;
			files = (
			);
			runOnlyForDeploymentPostprocessing = 0;
		};
		A588450A2B5FBF0100633083 /* Resources */ = {
			isa = PBXResourcesBuildPhase;
			buildActionMask = 2147483647;
			files = (
			);
			runOnlyForDeploymentPostprocessing = 0;
		};
/* End PBXResourcesBuildPhase section */

/* Begin PBXSourcesBuildPhase section */
		A58844E82B5FBEFE00633083 /* Sources */ = {
			isa = PBXSourcesBuildPhase;
			buildActionMask = 2147483647;
			files = (
				A58844F42B5FBEFE00633083 /* ViewController.swift in Sources */,
				A58844F02B5FBEFE00633083 /* AppDelegate.swift in Sources */,
				A58844F22B5FBEFE00633083 /* SceneDelegate.swift in Sources */,
			);
			runOnlyForDeploymentPostprocessing = 0;
		};
		A58844FE2B5FBF0100633083 /* Sources */ = {
			isa = PBXSourcesBuildPhase;
			buildActionMask = 2147483647;
			files = (
				A58845072B5FBF0100633083 /* FaceDetectionTests.swift in Sources */,
			);
			runOnlyForDeploymentPostprocessing = 0;
		};
		A58845082B5FBF0100633083 /* Sources */ = {
			isa = PBXSourcesBuildPhase;
			buildActionMask = 2147483647;
			files = (
				A58845112B5FBF0100633083 /* FaceDetectionUITests.swift in Sources */,
				A58845132B5FBF0100633083 /* FaceDetectionUITestsLaunchTests.swift in Sources */,
			);
			runOnlyForDeploymentPostprocessing = 0;
		};
/* End PBXSourcesBuildPhase section */

/* Begin PBXTargetDependency section */
		A58845042B5FBF0100633083 /* PBXTargetDependency */ = {
			isa = PBXTargetDependency;
			target = A58844EB2B5FBEFE00633083 /* FaceDetection */;
			targetProxy = A58845032B5FBF0100633083 /* PBXContainerItemProxy */;
		};
		A588450E2B5FBF0100633083 /* PBXTargetDependency */ = {
			isa = PBXTargetDependency;
			target = A58844EB2B5FBEFE00633083 /* FaceDetection */;
			targetProxy = A588450D2B5FBF0100633083 /* PBXContainerItemProxy */;
		};
/* End PBXTargetDependency section */

/* Begin PBXVariantGroup section */
		A58844F52B5FBEFE00633083 /* Main.storyboard */ = {
			isa = PBXVariantGroup;
			children = (
				A58844F62B5FBEFE00633083 /* Base */,
			);
			name = Main.storyboard;
			sourceTree = "<group>";
		};
		A58844FA2B5FBF0000633083 /* LaunchScreen.storyboard */ = {
			isa = PBXVariantGroup;
			children = (
				A58844FB2B5FBF0000633083 /* Base */,
			);
			name = LaunchScreen.storyboard;
			sourceTree = "<group>";
		};
/* End PBXVariantGroup section */

/* Begin XCBuildConfiguration section */
		A58845142B5FBF0100633083 /* Debug */ = {
			isa = XCBuildConfiguration;
			buildSettings = {
				ALWAYS_SEARCH_USER_PATHS = NO;
				ASSETCATALOG_COMPILER_GENERATE_SWIFT_ASSET_SYMBOL_EXTENSIONS = YES;
				CLANG_ANALYZER_NONNULL = YES;
				CLANG_ANALYZER_NUMBER_OBJECT_CONVERSION = YES_AGGRESSIVE;
				CLANG_CXX_LANGUAGE_STANDARD = "gnu++20";
				CLANG_ENABLE_MODULES = YES;
				CLANG_ENABLE_OBJC_ARC = YES;
				CLANG_ENABLE_OBJC_WEAK = YES;
				CLANG_WARN_BLOCK_CAPTURE_AUTORELEASING = YES;
				CLANG_WARN_BOOL_CONVERSION = YES;
				CLANG_WARN_COMMA = YES;
				CLANG_WARN_CONSTANT_CONVERSION = YES;
				CLANG_WARN_DEPRECATED_OBJC_IMPLEMENTATIONS = YES;
				CLANG_WARN_DIRECT_OBJC_ISA_USAGE = YES_ERROR;
				CLANG_WARN_DOCUMENTATION_COMMENTS = YES;
				CLANG_WARN_EMPTY_BODY = YES;
				CLANG_WARN_ENUM_CONVERSION = YES;
				CLANG_WARN_INFINITE_RECURSION = YES;
				CLANG_WARN_INT_CONVERSION = YES;
				CLANG_WARN_NON_LITERAL_NULL_CONVERSION = YES;
				CLANG_WARN_OBJC_IMPLICIT_RETAIN_SELF = YES;
				CLANG_WARN_OBJC_LITERAL_CONVERSION = YES;
				CLANG_WARN_OBJC_ROOT_CLASS = YES_ERROR;
				CLANG_WARN_QUOTED_INCLUDE_IN_FRAMEWORK_HEADER = YES;
				CLANG_WARN_RANGE_LOOP_ANALYSIS = YES;
				CLANG_WARN_STRICT_PROTOTYPES = YES;
				CLANG_WARN_SUSPICIOUS_MOVE = YES;
				CLANG_WARN_UNGUARDED_AVAILABILITY = YES_AGGRESSIVE;
				CLANG_WARN_UNREACHABLE_CODE = YES;
				CLANG_WARN__DUPLICATE_METHOD_MATCH = YES;
				COPY_PHASE_STRIP = NO;
				DEBUG_INFORMATION_FORMAT = dwarf;
				ENABLE_STRICT_OBJC_MSGSEND = YES;
				ENABLE_TESTABILITY = YES;
				ENABLE_USER_SCRIPT_SANDBOXING = YES;
				GCC_C_LANGUAGE_STANDARD = gnu17;
				GCC_DYNAMIC_NO_PIC = NO;
				GCC_NO_COMMON_BLOCKS = YES;
				GCC_OPTIMIZATION_LEVEL = 0;
				GCC_PREPROCESSOR_DEFINITIONS = (
					"DEBUG=1",
					"$(inherited)",
				);
				GCC_WARN_64_TO_32_BIT_CONVERSION = YES;
				GCC_WARN_ABOUT_RETURN_TYPE = YES_ERROR;
				GCC_WARN_UNDECLARED_SELECTOR = YES;
				GCC_WARN_UNINITIALIZED_AUTOS = YES_AGGRESSIVE;
				GCC_WARN_UNUSED_FUNCTION = YES;
				GCC_WARN_UNUSED_VARIABLE = YES;
				IPHONEOS_DEPLOYMENT_TARGET = 17.0;
				LOCALIZATION_PREFERS_STRING_CATALOGS = YES;
				MTL_ENABLE_DEBUG_INFO = INCLUDE_SOURCE;
				MTL_FAST_MATH = YES;
				ONLY_ACTIVE_ARCH = YES;
				SDKROOT = iphoneos;
				SWIFT_ACTIVE_COMPILATION_CONDITIONS = "DEBUG $(inherited)";
				SWIFT_OPTIMIZATION_LEVEL = "-Onone";
			};
			name = Debug;
		};
		A58845152B5FBF0100633083 /* Release */ = {
			isa = XCBuildConfiguration;
			buildSettings = {
				ALWAYS_SEARCH_USER_PATHS = NO;
				ASSETCATALOG_COMPILER_GENERATE_SWIFT_ASSET_SYMBOL_EXTENSIONS = YES;
				CLANG_ANALYZER_NONNULL = YES;
				CLANG_ANALYZER_NUMBER_OBJECT_CONVERSION = YES_AGGRESSIVE;
				CLANG_CXX_LANGUAGE_STANDARD = "gnu++20";
				CLANG_ENABLE_MODULES = YES;
				CLANG_ENABLE_OBJC_ARC = YES;
				CLANG_ENABLE_OBJC_WEAK = YES;
				CLANG_WARN_BLOCK_CAPTURE_AUTORELEASING = YES;
				CLANG_WARN_BOOL_CONVERSION = YES;
				CLANG_WARN_COMMA = YES;
				CLANG_WARN_CONSTANT_CONVERSION = YES;
				CLANG_WARN_DEPRECATED_OBJC_IMPLEMENTATIONS = YES;
				CLANG_WARN_DIRECT_OBJC_ISA_USAGE = YES_ERROR;
				CLANG_WARN_DOCUMENTATION_COMMENTS = YES;
				CLANG_WARN_EMPTY_BODY = YES;
				CLANG_WARN_ENUM_CONVERSION = YES;
				CLANG_WARN_INFINITE_RECURSION = YES;
				CLANG_WARN_INT_CONVERSION = YES;
				CLANG_WARN_NON_LITERAL_NULL_CONVERSION = YES;
				CLANG_WARN_OBJC_IMPLICIT_RETAIN_SELF = YES;
				CLANG_WARN_OBJC_LITERAL_CONVERSION = YES;
				CLANG_WARN_OBJC_ROOT_CLASS = YES_ERROR;
				CLANG_WARN_QUOTED_INCLUDE_IN_FRAMEWORK_HEADER = YES;
				CLANG_WARN_RANGE_LOOP_ANALYSIS = YES;
				CLANG_WARN_STRICT_PROTOTYPES = YES;
				CLANG_WARN_SUSPICIOUS_MOVE = YES;
				CLANG_WARN_UNGUARDED_AVAILABILITY = YES_AGGRESSIVE;
				CLANG_WARN_UNREACHABLE_CODE = YES;
				CLANG_WARN__DUPLICATE_METHOD_MATCH = YES;
				COPY_PHASE_STRIP = NO;
				DEBUG_INFORMATION_FORMAT = "dwarf-with-dsym";
				ENABLE_NS_ASSERTIONS = NO;
				ENABLE_STRICT_OBJC_MSGSEND = YES;
				ENABLE_USER_SCRIPT_SANDBOXING = YES;
				GCC_C_LANGUAGE_STANDARD = gnu17;
				GCC_NO_COMMON_BLOCKS = YES;
				GCC_WARN_64_TO_32_BIT_CONVERSION = YES;
				GCC_WARN_ABOUT_RETURN_TYPE = YES_ERROR;
				GCC_WARN_UNDECLARED_SELECTOR = YES;
				GCC_WARN_UNINITIALIZED_AUTOS = YES_AGGRESSIVE;
				GCC_WARN_UNUSED_FUNCTION = YES;
				GCC_WARN_UNUSED_VARIABLE = YES;
				IPHONEOS_DEPLOYMENT_TARGET = 17.0;
				LOCALIZATION_PREFERS_STRING_CATALOGS = YES;
				MTL_ENABLE_DEBUG_INFO = NO;
				MTL_FAST_MATH = YES;
				SDKROOT = iphoneos;
				SWIFT_COMPILATION_MODE = wholemodule;
				VALIDATE_PRODUCT = YES;
			};
			name = Release;
		};
		A58845172B5FBF0100633083 /* Debug */ = {
			isa = XCBuildConfiguration;
			buildSettings = {
				ASSETCATALOG_COMPILER_APPICON_NAME = AppIcon;
				ASSETCATALOG_COMPILER_GLOBAL_ACCENT_COLOR_NAME = AccentColor;
				CODE_SIGN_STYLE = Automatic;
				CURRENT_PROJECT_VERSION = 1;
				DEVELOPMENT_TEAM = CNJ29474Q6;
				FRAMEWORK_SEARCH_PATHS = (
					"$(inherited)",
					"$(PROJECT_DIR)/FaceDetection",
				);
				GENERATE_INFOPLIST_FILE = YES;
				INFOPLIST_FILE = FaceDetection/Info.plist;
				INFOPLIST_KEY_UIApplicationSupportsIndirectInputEvents = YES;
				INFOPLIST_KEY_UILaunchStoryboardName = LaunchScreen;
				INFOPLIST_KEY_UIMainStoryboardFile = Main;
				INFOPLIST_KEY_UISupportedInterfaceOrientations_iPad = "UIInterfaceOrientationPortrait UIInterfaceOrientationPortraitUpsideDown UIInterfaceOrientationLandscapeLeft UIInterfaceOrientationLandscapeRight";
				INFOPLIST_KEY_UISupportedInterfaceOrientations_iPhone = "UIInterfaceOrientationPortrait UIInterfaceOrientationLandscapeLeft UIInterfaceOrientationLandscapeRight";
				LD_RUNPATH_SEARCH_PATHS = (
					"$(inherited)",
					"@executable_path/Frameworks",
				);
				MARKETING_VERSION = 1.0;
				PRODUCT_BUNDLE_IDENTIFIER = com.FaceDetection.valify;
				PRODUCT_NAME = "$(TARGET_NAME)";
				SWIFT_EMIT_LOC_STRINGS = YES;
				SWIFT_VERSION = 5.0;
				TARGETED_DEVICE_FAMILY = "1,2";
			};
			name = Debug;
		};
		A58845182B5FBF0100633083 /* Release */ = {
			isa = XCBuildConfiguration;
			buildSettings = {
				ASSETCATALOG_COMPILER_APPICON_NAME = AppIcon;
				ASSETCATALOG_COMPILER_GLOBAL_ACCENT_COLOR_NAME = AccentColor;
				CODE_SIGN_STYLE = Automatic;
				CURRENT_PROJECT_VERSION = 1;
				DEVELOPMENT_TEAM = CNJ29474Q6;
				FRAMEWORK_SEARCH_PATHS = (
					"$(inherited)",
					"$(PROJECT_DIR)/FaceDetection",
				);
				GENERATE_INFOPLIST_FILE = YES;
				INFOPLIST_FILE = FaceDetection/Info.plist;
				INFOPLIST_KEY_UIApplicationSupportsIndirectInputEvents = YES;
				INFOPLIST_KEY_UILaunchStoryboardName = LaunchScreen;
				INFOPLIST_KEY_UIMainStoryboardFile = Main;
				INFOPLIST_KEY_UISupportedInterfaceOrientations_iPad = "UIInterfaceOrientationPortrait UIInterfaceOrientationPortraitUpsideDown UIInterfaceOrientationLandscapeLeft UIInterfaceOrientationLandscapeRight";
				INFOPLIST_KEY_UISupportedInterfaceOrientations_iPhone = "UIInterfaceOrientationPortrait UIInterfaceOrientationLandscapeLeft UIInterfaceOrientationLandscapeRight";
				LD_RUNPATH_SEARCH_PATHS = (
					"$(inherited)",
					"@executable_path/Frameworks",
				);
				MARKETING_VERSION = 1.0;
				PRODUCT_BUNDLE_IDENTIFIER = com.FaceDetection.valify;
				PRODUCT_NAME = "$(TARGET_NAME)";
				SWIFT_EMIT_LOC_STRINGS = YES;
				SWIFT_VERSION = 5.0;
				TARGETED_DEVICE_FAMILY = "1,2";
			};
			name = Release;
		};
		A588451A2B5FBF0100633083 /* Debug */ = {
			isa = XCBuildConfiguration;
			buildSettings = {
				ALWAYS_EMBED_SWIFT_STANDARD_LIBRARIES = YES;
				BUNDLE_LOADER = "$(TEST_HOST)";
				CODE_SIGN_STYLE = Automatic;
				CURRENT_PROJECT_VERSION = 1;
				DEVELOPMENT_TEAM = CNJ29474Q6;
				GENERATE_INFOPLIST_FILE = YES;
				IPHONEOS_DEPLOYMENT_TARGET = 17.0;
				MARKETING_VERSION = 1.0;
				PRODUCT_BUNDLE_IDENTIFIER = com.FaceDetectionTests;
				PRODUCT_NAME = "$(TARGET_NAME)";
				SWIFT_EMIT_LOC_STRINGS = NO;
				SWIFT_VERSION = 5.0;
				TARGETED_DEVICE_FAMILY = "1,2";
				TEST_HOST = "$(BUILT_PRODUCTS_DIR)/FaceDetection.app/$(BUNDLE_EXECUTABLE_FOLDER_PATH)/FaceDetection";
			};
			name = Debug;
		};
		A588451B2B5FBF0100633083 /* Release */ = {
			isa = XCBuildConfiguration;
			buildSettings = {
				ALWAYS_EMBED_SWIFT_STANDARD_LIBRARIES = YES;
				BUNDLE_LOADER = "$(TEST_HOST)";
				CODE_SIGN_STYLE = Automatic;
				CURRENT_PROJECT_VERSION = 1;
				DEVELOPMENT_TEAM = CNJ29474Q6;
				GENERATE_INFOPLIST_FILE = YES;
				IPHONEOS_DEPLOYMENT_TARGET = 17.0;
				MARKETING_VERSION = 1.0;
				PRODUCT_BUNDLE_IDENTIFIER = com.FaceDetectionTests;
				PRODUCT_NAME = "$(TARGET_NAME)";
				SWIFT_EMIT_LOC_STRINGS = NO;
				SWIFT_VERSION = 5.0;
				TARGETED_DEVICE_FAMILY = "1,2";
				TEST_HOST = "$(BUILT_PRODUCTS_DIR)/FaceDetection.app/$(BUNDLE_EXECUTABLE_FOLDER_PATH)/FaceDetection";
			};
			name = Release;
		};
		A588451D2B5FBF0100633083 /* Debug */ = {
			isa = XCBuildConfiguration;
			buildSettings = {
				ALWAYS_EMBED_SWIFT_STANDARD_LIBRARIES = YES;
				CODE_SIGN_STYLE = Automatic;
				CURRENT_PROJECT_VERSION = 1;
				DEVELOPMENT_TEAM = CNJ29474Q6;
				GENERATE_INFOPLIST_FILE = YES;
				MARKETING_VERSION = 1.0;
				PRODUCT_BUNDLE_IDENTIFIER = com.FaceDetectionUITests;
				PRODUCT_NAME = "$(TARGET_NAME)";
				SWIFT_EMIT_LOC_STRINGS = NO;
				SWIFT_VERSION = 5.0;
				TARGETED_DEVICE_FAMILY = "1,2";
				TEST_TARGET_NAME = FaceDetection;
			};
			name = Debug;
		};
		A588451E2B5FBF0100633083 /* Release */ = {
			isa = XCBuildConfiguration;
			buildSettings = {
				ALWAYS_EMBED_SWIFT_STANDARD_LIBRARIES = YES;
				CODE_SIGN_STYLE = Automatic;
				CURRENT_PROJECT_VERSION = 1;
				DEVELOPMENT_TEAM = CNJ29474Q6;
				GENERATE_INFOPLIST_FILE = YES;
				MARKETING_VERSION = 1.0;
				PRODUCT_BUNDLE_IDENTIFIER = com.FaceDetectionUITests;
				PRODUCT_NAME = "$(TARGET_NAME)";
				SWIFT_EMIT_LOC_STRINGS = NO;
				SWIFT_VERSION = 5.0;
				TARGETED_DEVICE_FAMILY = "1,2";
				TEST_TARGET_NAME = FaceDetection;
			};
			name = Release;
		};
/* End XCBuildConfiguration section */

/* Begin XCConfigurationList section */
		A58844E72B5FBEFE00633083 /* Build configuration list for PBXProject "FaceDetection" */ = {
			isa = XCConfigurationList;
			buildConfigurations = (
				A58845142B5FBF0100633083 /* Debug */,
				A58845152B5FBF0100633083 /* Release */,
			);
			defaultConfigurationIsVisible = 0;
			defaultConfigurationName = Release;
		};
		A58845162B5FBF0100633083 /* Build configuration list for PBXNativeTarget "FaceDetection" */ = {
			isa = XCConfigurationList;
			buildConfigurations = (
				A58845172B5FBF0100633083 /* Debug */,
				A58845182B5FBF0100633083 /* Release */,
			);
			defaultConfigurationIsVisible = 0;
			defaultConfigurationName = Release;
		};
		A58845192B5FBF0100633083 /* Build configuration list for PBXNativeTarget "FaceDetectionTests" */ = {
			isa = XCConfigurationList;
			buildConfigurations = (
				A588451A2B5FBF0100633083 /* Debug */,
				A588451B2B5FBF0100633083 /* Release */,
			);
			defaultConfigurationIsVisible = 0;
			defaultConfigurationName = Release;
		};
		A588451C2B5FBF0100633083 /* Build configuration list for PBXNativeTarget "FaceDetectionUITests" */ = {
			isa = XCConfigurationList;
			buildConfigurations = (
				A588451D2B5FBF0100633083 /* Debug */,
				A588451E2B5FBF0100633083 /* Release */,
			);
			defaultConfigurationIsVisible = 0;
			defaultConfigurationName = Release;
		};
/* End XCConfigurationList section */
	};
	rootObject = A58844E42B5FBEFE00633083 /* Project object */;
}
